// !$*UTF8*$!
{
	archiveVersion = 1;
	classes = {
	};
	objectVersion = 55;
	objects = {

/* Begin PBXBuildFile section */
		893F71082774B21500B9C5CC /* WeatherRow.swift in Sources */ = {isa = PBXBuildFile; fileRef = 893F71072774B21500B9C5CC /* WeatherRow.swift */; };
		893F710A2774DAEE00B9C5CC /* Constants.swift in Sources */ = {isa = PBXBuildFile; fileRef = 893F71092774DAEE00B9C5CC /* Constants.swift */; };
		895F571E27652CAB0034123A /* weatherApp.swift in Sources */ = {isa = PBXBuildFile; fileRef = 895F571D27652CAB0034123A /* weatherApp.swift */; };
		895F572027652CAB0034123A /* ContentView.swift in Sources */ = {isa = PBXBuildFile; fileRef = 895F571F27652CAB0034123A /* ContentView.swift */; };
		895F572227652CAD0034123A /* Assets.xcassets in Resources */ = {isa = PBXBuildFile; fileRef = 895F572127652CAD0034123A /* Assets.xcassets */; };
		895F572527652CAD0034123A /* Preview Assets.xcassets in Resources */ = {isa = PBXBuildFile; fileRef = 895F572427652CAD0034123A /* Preview Assets.xcassets */; };
		8991CE1E2766553200B2278F /* LocationService.swift in Sources */ = {isa = PBXBuildFile; fileRef = 8991CE1D2766553200B2278F /* LocationService.swift */; };
		8991CE212766578400B2278F /* WelcomeView.swift in Sources */ = {isa = PBXBuildFile; fileRef = 8991CE202766578400B2278F /* WelcomeView.swift */; };
		8991CE23276660F400B2278F /* LoadingView.swift in Sources */ = {isa = PBXBuildFile; fileRef = 8991CE22276660F400B2278F /* LoadingView.swift */; };
		8991CE252766635800B2278F /* WeatherService.swift in Sources */ = {isa = PBXBuildFile; fileRef = 8991CE242766635800B2278F /* WeatherService.swift */; };
		8991CE27276669C800B2278F /* WeatherView.swift in Sources */ = {isa = PBXBuildFile; fileRef = 8991CE26276669C800B2278F /* WeatherView.swift */; };
		8991CE2927666A5100B2278F /* ModelData.swift in Sources */ = {isa = PBXBuildFile; fileRef = 8991CE2827666A5100B2278F /* ModelData.swift */; };
		8991CE2B27666B0600B2278F /* WeatherData.json in Resources */ = {isa = PBXBuildFile; fileRef = 8991CE2A27666B0600B2278F /* WeatherData.json */; };
		8991CE2D27666C3800B2278F /* Extensions.swift in Sources */ = {isa = PBXBuildFile; fileRef = 8991CE2C27666C3800B2278F /* Extensions.swift */; };
/* End PBXBuildFile section */

/* Begin PBXFileReference section */
		893F71072774B21500B9C5CC /* WeatherRow.swift */ = {isa = PBXFileReference; lastKnownFileType = sourcecode.swift; path = WeatherRow.swift; sourceTree = "<group>"; };
		893F71092774DAEE00B9C5CC /* Constants.swift */ = {isa = PBXFileReference; lastKnownFileType = sourcecode.swift; path = Constants.swift; sourceTree = "<group>"; };
		895F571A27652CAB0034123A /* weatherapp.app */ = {isa = PBXFileReference; explicitFileType = wrapper.application; includeInIndex = 0; path = weatherapp.app; sourceTree = BUILT_PRODUCTS_DIR; };
		895F571D27652CAB0034123A /* weatherApp.swift */ = {isa = PBXFileReference; lastKnownFileType = sourcecode.swift; path = weatherApp.swift; sourceTree = "<group>"; };
		895F571F27652CAB0034123A /* ContentView.swift */ = {isa = PBXFileReference; lastKnownFileType = sourcecode.swift; path = ContentView.swift; sourceTree = "<group>"; };
		895F572127652CAD0034123A /* Assets.xcassets */ = {isa = PBXFileReference; lastKnownFileType = folder.assetcatalog; path = Assets.xcassets; sourceTree = "<group>"; };
		895F572427652CAD0034123A /* Preview Assets.xcassets */ = {isa = PBXFileReference; lastKnownFileType = folder.assetcatalog; path = "Preview Assets.xcassets"; sourceTree = "<group>"; };
		8991CE1D2766553200B2278F /* LocationService.swift */ = {isa = PBXFileReference; lastKnownFileType = sourcecode.swift; path = LocationService.swift; sourceTree = "<group>"; };
		8991CE202766578400B2278F /* WelcomeView.swift */ = {isa = PBXFileReference; lastKnownFileType = sourcecode.swift; path = WelcomeView.swift; sourceTree = "<group>"; };
		8991CE22276660F400B2278F /* LoadingView.swift */ = {isa = PBXFileReference; lastKnownFileType = sourcecode.swift; path = LoadingView.swift; sourceTree = "<group>"; };
		8991CE242766635800B2278F /* WeatherService.swift */ = {isa = PBXFileReference; lastKnownFileType = sourcecode.swift; path = WeatherService.swift; sourceTree = "<group>"; };
		8991CE26276669C800B2278F /* WeatherView.swift */ = {isa = PBXFileReference; lastKnownFileType = sourcecode.swift; path = WeatherView.swift; sourceTree = "<group>"; };
		8991CE2827666A5100B2278F /* ModelData.swift */ = {isa = PBXFileReference; lastKnownFileType = sourcecode.swift; path = ModelData.swift; sourceTree = "<group>"; };
		8991CE2A27666B0600B2278F /* WeatherData.json */ = {isa = PBXFileReference; lastKnownFileType = text.json; path = WeatherData.json; sourceTree = "<group>"; };
		8991CE2C27666C3800B2278F /* Extensions.swift */ = {isa = PBXFileReference; lastKnownFileType = sourcecode.swift; path = Extensions.swift; sourceTree = "<group>"; };
/* End PBXFileReference section */

/* Begin PBXFrameworksBuildPhase section */
		895F571727652CAB0034123A /* Frameworks */ = {
			isa = PBXFrameworksBuildPhase;
			buildActionMask = 2147483647;
			files = (
			);
			runOnlyForDeploymentPostprocessing = 0;
		};
/* End PBXFrameworksBuildPhase section */

/* Begin PBXGroup section */
		893F71062774B1FA00B9C5CC /* Components */ = {
			isa = PBXGroup;
			children = (
				893F71072774B21500B9C5CC /* WeatherRow.swift */,
			);
			path = Components;
			sourceTree = "<group>";
		};
		895F571127652CAB0034123A = {
			isa = PBXGroup;
			children = (
				895F571C27652CAB0034123A /* weatherapp */,
				895F571B27652CAB0034123A /* Products */,
			);
			sourceTree = "<group>";
		};
		895F571B27652CAB0034123A /* Products */ = {
			isa = PBXGroup;
			children = (
				895F571A27652CAB0034123A /* weatherapp.app */,
			);
			name = Products;
			sourceTree = "<group>";
		};
		895F571C27652CAB0034123A /* weatherapp */ = {
			isa = PBXGroup;
			children = (
				893F71062774B1FA00B9C5CC /* Components */,
				8991CE1F276656FD00B2278F /* Views */,
				8991CE1C2766550C00B2278F /* Services */,
				895F571D27652CAB0034123A /* weatherApp.swift */,
				895F572127652CAD0034123A /* Assets.xcassets */,
				895F572327652CAD0034123A /* Preview Content */,
				8991CE2C27666C3800B2278F /* Extensions.swift */,
				893F71092774DAEE00B9C5CC /* Constants.swift */,
			);
			path = weatherapp;
			sourceTree = "<group>";
		};
		895F572327652CAD0034123A /* Preview Content */ = {
			isa = PBXGroup;
			children = (
				895F572427652CAD0034123A /* Preview Assets.xcassets */,
				8991CE2827666A5100B2278F /* ModelData.swift */,
				8991CE2A27666B0600B2278F /* WeatherData.json */,
			);
			path = "Preview Content";
			sourceTree = "<group>";
		};
		8991CE1C2766550C00B2278F /* Services */ = {
			isa = PBXGroup;
			children = (
				8991CE1D2766553200B2278F /* LocationService.swift */,
				8991CE242766635800B2278F /* WeatherService.swift */,
			);
			path = Services;
			sourceTree = "<group>";
		};
		8991CE1F276656FD00B2278F /* Views */ = {
			isa = PBXGroup;
			children = (
				895F571F27652CAB0034123A /* ContentView.swift */,
				8991CE202766578400B2278F /* WelcomeView.swift */,
				8991CE22276660F400B2278F /* LoadingView.swift */,
				8991CE26276669C800B2278F /* WeatherView.swift */,
			);
			path = Views;
			sourceTree = "<group>";
		};
/* End PBXGroup section */

/* Begin PBXNativeTarget section */
		895F571927652CAB0034123A /* weatherapp */ = {
			isa = PBXNativeTarget;
			buildConfigurationList = 895F573E27652CAE0034123A /* Build configuration list for PBXNativeTarget "weatherapp" */;
			buildPhases = (
				895F571627652CAB0034123A /* Sources */,
				895F571727652CAB0034123A /* Frameworks */,
				895F571827652CAB0034123A /* Resources */,
			);
			buildRules = (
			);
			dependencies = (
			);
			name = weatherapp;
			productName = weather;
			productReference = 895F571A27652CAB0034123A /* weatherapp.app */;
			productType = "com.apple.product-type.application";
		};
/* End PBXNativeTarget section */

/* Begin PBXProject section */
		895F571227652CAB0034123A /* Project object */ = {
			isa = PBXProject;
			attributes = {
				BuildIndependentTargetsInParallel = 1;
				LastSwiftUpdateCheck = 1310;
				LastUpgradeCheck = 1310;
				TargetAttributes = {
					895F571927652CAB0034123A = {
						CreatedOnToolsVersion = 13.1;
					};
				};
			};
			buildConfigurationList = 895F571527652CAB0034123A /* Build configuration list for PBXProject "weatherapp" */;
			compatibilityVersion = "Xcode 13.0";
			developmentRegion = en;
			hasScannedForEncodings = 0;
			knownRegions = (
				en,
				Base,
			);
			mainGroup = 895F571127652CAB0034123A;
			productRefGroup = 895F571B27652CAB0034123A /* Products */;
			projectDirPath = "";
			projectRoot = "";
			targets = (
				895F571927652CAB0034123A /* weatherapp */,
			);
		};
/* End PBXProject section */

/* Begin PBXResourcesBuildPhase section */
		895F571827652CAB0034123A /* Resources */ = {
			isa = PBXResourcesBuildPhase;
			buildActionMask = 2147483647;
			files = (
				8991CE2B27666B0600B2278F /* WeatherData.json in Resources */,
				895F572527652CAD0034123A /* Preview Assets.xcassets in Resources */,
				895F572227652CAD0034123A /* Assets.xcassets in Resources */,
			);
			runOnlyForDeploymentPostprocessing = 0;
		};
/* End PBXResourcesBuildPhase section */

/* Begin PBXSourcesBuildPhase section */
		895F571627652CAB0034123A /* Sources */ = {
			isa = PBXSourcesBuildPhase;
			buildActionMask = 2147483647;
			files = (
				895F572027652CAB0034123A /* ContentView.swift in Sources */,
				893F710A2774DAEE00B9C5CC /* Constants.swift in Sources */,
				8991CE2D27666C3800B2278F /* Extensions.swift in Sources */,
				8991CE1E2766553200B2278F /* LocationService.swift in Sources */,
				895F571E27652CAB0034123A /* weatherApp.swift in Sources */,
				8991CE23276660F400B2278F /* LoadingView.swift in Sources */,
				893F71082774B21500B9C5CC /* WeatherRow.swift in Sources */,
				8991CE252766635800B2278F /* WeatherService.swift in Sources */,
				8991CE2927666A5100B2278F /* ModelData.swift in Sources */,
				8991CE27276669C800B2278F /* WeatherView.swift in Sources */,
				8991CE212766578400B2278F /* WelcomeView.swift in Sources */,
			);
			runOnlyForDeploymentPostprocessing = 0;
		};
/* End PBXSourcesBuildPhase section */

/* Begin XCBuildConfiguration section */
		895F573C27652CAE0034123A /* Debug */ = {
			isa = XCBuildConfiguration;
			buildSettings = {
				ALWAYS_SEARCH_USER_PATHS = NO;
				CLANG_ANALYZER_NONNULL = YES;
				CLANG_ANALYZER_NUMBER_OBJECT_CONVERSION = YES_AGGRESSIVE;
				CLANG_CXX_LANGUAGE_STANDARD = "gnu++17";
				CLANG_CXX_LIBRARY = "libc++";
				CLANG_ENABLE_MODULES = YES;
				CLANG_ENABLE_OBJC_ARC = YES;
				CLANG_ENABLE_OBJC_WEAK = YES;
				CLANG_WARN_BLOCK_CAPTURE_AUTORELEASING = YES;
				CLANG_WARN_BOOL_CONVERSION = YES;
				CLANG_WARN_COMMA = YES;
				CLANG_WARN_CONSTANT_CONVERSION = YES;
				CLANG_WARN_DEPRECATED_OBJC_IMPLEMENTATIONS = YES;
				CLANG_WARN_DIRECT_OBJC_ISA_USAGE = YES_ERROR;
				CLANG_WARN_DOCUMENTATION_COMMENTS = YES;
				CLANG_WARN_EMPTY_BODY = YES;
				CLANG_WARN_ENUM_CONVERSION = YES;
				CLANG_WARN_INFINITE_RECURSION = YES;
				CLANG_WARN_INT_CONVERSION = YES;
				CLANG_WARN_NON_LITERAL_NULL_CONVERSION = YES;
				CLANG_WARN_OBJC_IMPLICIT_RETAIN_SELF = YES;
				CLANG_WARN_OBJC_LITERAL_CONVERSION = YES;
				CLANG_WARN_OBJC_ROOT_CLASS = YES_ERROR;
				CLANG_WARN_QUOTED_INCLUDE_IN_FRAMEWORK_HEADER = YES;
				CLANG_WARN_RANGE_LOOP_ANALYSIS = YES;
				CLANG_WARN_STRICT_PROTOTYPES = YES;
				CLANG_WARN_SUSPICIOUS_MOVE = YES;
				CLANG_WARN_UNGUARDED_AVAILABILITY = YES_AGGRESSIVE;
				CLANG_WARN_UNREACHABLE_CODE = YES;
				CLANG_WARN__DUPLICATE_METHOD_MATCH = YES;
				COPY_PHASE_STRIP = NO;
				DEBUG_INFORMATION_FORMAT = dwarf;
				ENABLE_STRICT_OBJC_MSGSEND = YES;
				ENABLE_TESTABILITY = YES;
				GCC_C_LANGUAGE_STANDARD = gnu11;
				GCC_DYNAMIC_NO_PIC = NO;
				GCC_NO_COMMON_BLOCKS = YES;
				GCC_OPTIMIZATION_LEVEL = 0;
				GCC_PREPROCESSOR_DEFINITIONS = (
					"DEBUG=1",
					"$(inherited)",
				);
				GCC_WARN_64_TO_32_BIT_CONVERSION = YES;
				GCC_WARN_ABOUT_RETURN_TYPE = YES_ERROR;
				GCC_WARN_UNDECLARED_SELECTOR = YES;
				GCC_WARN_UNINITIALIZED_AUTOS = YES_AGGRESSIVE;
				GCC_WARN_UNUSED_FUNCTION = YES;
				GCC_WARN_UNUSED_VARIABLE = YES;
				IPHONEOS_DEPLOYMENT_TARGET = 15.0;
				MTL_ENABLE_DEBUG_INFO = INCLUDE_SOURCE;
				MTL_FAST_MATH = YES;
				ONLY_ACTIVE_ARCH = YES;
				SDKROOT = iphoneos;
				SWIFT_ACTIVE_COMPILATION_CONDITIONS = DEBUG;
				SWIFT_OPTIMIZATION_LEVEL = "-Onone";
			};
			name = Debug;
		};
		895F573D27652CAE0034123A /* Release */ = {
			isa = XCBuildConfiguration;
			buildSettings = {
				ALWAYS_SEARCH_USER_PATHS = NO;
				CLANG_ANALYZER_NONNULL = YES;
				CLANG_ANALYZER_NUMBER_OBJECT_CONVERSION = YES_AGGRESSIVE;
				CLANG_CXX_LANGUAGE_STANDARD = "gnu++17";
				CLANG_CXX_LIBRARY = "libc++";
				CLANG_ENABLE_MODULES = YES;
				CLANG_ENABLE_OBJC_ARC = YES;
				CLANG_ENABLE_OBJC_WEAK = YES;
				CLANG_WARN_BLOCK_CAPTURE_AUTORELEASING = YES;
				CLANG_WARN_BOOL_CONVERSION = YES;
				CLANG_WARN_COMMA = YES;
				CLANG_WARN_CONSTANT_CONVERSION = YES;
				CLANG_WARN_DEPRECATED_OBJC_IMPLEMENTATIONS = YES;
				CLANG_WARN_DIRECT_OBJC_ISA_USAGE = YES_ERROR;
				CLANG_WARN_DOCUMENTATION_COMMENTS = YES;
				CLANG_WARN_EMPTY_BODY = YES;
				CLANG_WARN_ENUM_CONVERSION = YES;
				CLANG_WARN_INFINITE_RECURSION = YES;
				CLANG_WARN_INT_CONVERSION = YES;
				CLANG_WARN_NON_LITERAL_NULL_CONVERSION = YES;
				CLANG_WARN_OBJC_IMPLICIT_RETAIN_SELF = YES;
				CLANG_WARN_OBJC_LITERAL_CONVERSION = YES;
				CLANG_WARN_OBJC_ROOT_CLASS = YES_ERROR;
				CLANG_WARN_QUOTED_INCLUDE_IN_FRAMEWORK_HEADER = YES;
				CLANG_WARN_RANGE_LOOP_ANALYSIS = YES;
				CLANG_WARN_STRICT_PROTOTYPES = YES;
				CLANG_WARN_SUSPICIOUS_MOVE = YES;
				CLANG_WARN_UNGUARDED_AVAILABILITY = YES_AGGRESSIVE;
				CLANG_WARN_UNREACHABLE_CODE = YES;
				CLANG_WARN__DUPLICATE_METHOD_MATCH = YES;
				COPY_PHASE_STRIP = NO;
				DEBUG_INFORMATION_FORMAT = "dwarf-with-dsym";
				ENABLE_NS_ASSERTIONS = NO;
				ENABLE_STRICT_OBJC_MSGSEND = YES;
				GCC_C_LANGUAGE_STANDARD = gnu11;
				GCC_NO_COMMON_BLOCKS = YES;
				GCC_WARN_64_TO_32_BIT_CONVERSION = YES;
				GCC_WARN_ABOUT_RETURN_TYPE = YES_ERROR;
				GCC_WARN_UNDECLARED_SELECTOR = YES;
				GCC_WARN_UNINITIALIZED_AUTOS = YES_AGGRESSIVE;
				GCC_WARN_UNUSED_FUNCTION = YES;
				GCC_WARN_UNUSED_VARIABLE = YES;
				IPHONEOS_DEPLOYMENT_TARGET = 15.0;
				MTL_ENABLE_DEBUG_INFO = NO;
				MTL_FAST_MATH = YES;
				SDKROOT = iphoneos;
				SWIFT_COMPILATION_MODE = wholemodule;
				SWIFT_OPTIMIZATION_LEVEL = "-O";
				VALIDATE_PRODUCT = YES;
			};
			name = Release;
		};
		895F573F27652CAE0034123A /* Debug */ = {
			isa = XCBuildConfiguration;
			buildSettings = {
				ASSETCATALOG_COMPILER_APPICON_NAME = AppIcon;
				ASSETCATALOG_COMPILER_GLOBAL_ACCENT_COLOR_NAME = AccentColor;
				CODE_SIGN_STYLE = Automatic;
				CURRENT_PROJECT_VERSION = 1;
				DEVELOPMENT_ASSET_PATHS = "\"weatherapp/Preview Content\"";
				DEVELOPMENT_TEAM = 9UPV866PSP;
				ENABLE_PREVIEWS = YES;
				GENERATE_INFOPLIST_FILE = YES;
				INFOPLIST_KEY_UIApplicationSceneManifest_Generation = YES;
				INFOPLIST_KEY_UIApplicationSupportsIndirectInputEvents = YES;
				INFOPLIST_KEY_UILaunchScreen_Generation = YES;
				INFOPLIST_KEY_UISupportedInterfaceOrientations_iPad = "UIInterfaceOrientationPortrait UIInterfaceOrientationPortraitUpsideDown UIInterfaceOrientationLandscapeLeft UIInterfaceOrientationLandscapeRight";
				INFOPLIST_KEY_UISupportedInterfaceOrientations_iPhone = "UIInterfaceOrientationPortrait UIInterfaceOrientationLandscapeLeft UIInterfaceOrientationLandscapeRight";
				LD_RUNPATH_SEARCH_PATHS = (
					"$(inherited)",
					"@executable_path/Frameworks",
				);
				MARKETING_VERSION = 1.0;
				PRODUCT_BUNDLE_IDENTIFIER = com.ricardojardim.weatherapp;
				PRODUCT_NAME = weatherapp;
				SWIFT_EMIT_LOC_STRINGS = YES;
				SWIFT_VERSION = 5.0;
				TARGETED_DEVICE_FAMILY = "1,2";
			};
			name = Debug;
		};
		895F574027652CAE0034123A /* Release */ = {
			isa = XCBuildConfiguration;
			buildSettings = {
				ASSETCATALOG_COMPILER_APPICON_NAME = AppIcon;
				ASSETCATALOG_COMPILER_GLOBAL_ACCENT_COLOR_NAME = AccentColor;
				CODE_SIGN_STYLE = Automatic;
				CURRENT_PROJECT_VERSION = 1;
				DEVELOPMENT_ASSET_PATHS = "\"weatherapp/Preview Content\"";
				DEVELOPMENT_TEAM = 9UPV866PSP;
				ENABLE_PREVIEWS = YES;
				GENERATE_INFOPLIST_FILE = YES;
				INFOPLIST_KEY_UIApplicationSceneManifest_Generation = YES;
				INFOPLIST_KEY_UIApplicationSupportsIndirectInputEvents = YES;
				INFOPLIST_KEY_UILaunchScreen_Generation = YES;
				INFOPLIST_KEY_UISupportedInterfaceOrientations_iPad = "UIInterfaceOrientationPortrait UIInterfaceOrientationPortraitUpsideDown UIInterfaceOrientationLandscapeLeft UIInterfaceOrientationLandscapeRight";
				INFOPLIST_KEY_UISupportedInterfaceOrientations_iPhone = "UIInterfaceOrientationPortrait UIInterfaceOrientationLandscapeLeft UIInterfaceOrientationLandscapeRight";
				LD_RUNPATH_SEARCH_PATHS = (
					"$(inherited)",
					"@executable_path/Frameworks",
				);
				MARKETING_VERSION = 1.0;
				PRODUCT_BUNDLE_IDENTIFIER = com.ricardojardim.weatherapp;
				PRODUCT_NAME = weatherapp;
				SWIFT_EMIT_LOC_STRINGS = YES;
				SWIFT_VERSION = 5.0;
				TARGETED_DEVICE_FAMILY = "1,2";
			};
			name = Release;
		};
/* End XCBuildConfiguration section */

/* Begin XCConfigurationList section */
		895F571527652CAB0034123A /* Build configuration list for PBXProject "weatherapp" */ = {
			isa = XCConfigurationList;
			buildConfigurations = (
				895F573C27652CAE0034123A /* Debug */,
				895F573D27652CAE0034123A /* Release */,
			);
			defaultConfigurationIsVisible = 0;
			defaultConfigurationName = Release;
		};
		895F573E27652CAE0034123A /* Build configuration list for PBXNativeTarget "weatherapp" */ = {
			isa = XCConfigurationList;
			buildConfigurations = (
				895F573F27652CAE0034123A /* Debug */,
				895F574027652CAE0034123A /* Release */,
			);
			defaultConfigurationIsVisible = 0;
			defaultConfigurationName = Release;
		};
/* End XCConfigurationList section */
	};
	rootObject = 895F571227652CAB0034123A /* Project object */;
}
